PODS:
  - Flutter (1.0.0)
  - flutter_zalo (1.0.1):
    - Flutter
    - ZaloSDK
  - ZaloSDK (4.1.0120):
    - ZaloSDK/Core (= 4.1.0120)
    - ZaloSDK/Main (= 4.1.0120)
  - ZaloSDK/Core (4.1.0120)
  - ZaloSDK/Main (4.1.0120):
    - ZaloSDK/Core

DEPENDENCIES:
  - Flutter (from `Flutter`)
  - flutter_zalo (from `.symlinks/plugins/flutter_zalo/ios`)

SPEC REPOS:
  trunk:
    - ZaloSDK

EXTERNAL SOURCES:
  Flutter:
    :path: Flutter
  flutter_zalo:
    :path: ".symlinks/plugins/flutter_zalo/ios"

SPEC CHECKSUMS:
  Flutter: cabc95a1d2626b1b06e7179b784ebcf0c0cde467
  flutter_zalo: 44b30c5366057ed434a2f805c21de21038de2a4d
  ZaloSDK: 233c5cb5247bd6891f4a7d2d9505f6a2b9aa38c6

PODFILE CHECKSUM: ade96bceabe3919b69c16573938e4268fe3a6c9d

COCOAPODS: 1.16.2
